
Microsoft Visual Studio Solution File, Format Version 12.00
# Visual Studio 15
VisualStudioVersion = 15.0.28010.2046
MinimumVisualStudioVersion = 10.0.40219.1
Project("{FAE04EC0-301F-11D3-BF4B-00C04F79EFBC}") = "XamAppCenter.Android", "XamAppCenter\XamAppCenter.Android\XamAppCenter.Android.csproj", "{0BDC31A4-1B86-43DB-AEEE-9D214767189B}"
EndProject
Project("{FAE04EC0-301F-11D3-BF4B-00C04F79EFBC}") = "XamAppCenter.iOS", "XamAppCenter\XamAppCenter.iOS\XamAppCenter.iOS.csproj", "{85401973-D3F0-4190-A40E-EC42C16C80C8}"
EndProject
Project("{FAE04EC0-301F-11D3-BF4B-00C04F79EFBC}") = "XamAppCenter.UWP", "XamAppCenter\XamAppCenter.UWP\XamAppCenter.UWP.csproj", "{BA0B1D39-9A30-44D8-997F-BD8775B8B3E5}"
EndProject
Project("{FAE04EC0-301F-11D3-BF4B-00C04F79EFBC}") = "XamAppCenter", "XamAppCenter\XamAppCenter\XamAppCenter.csproj", "{4675C425-29B4-445E-8E4F-614DB252F42B}"
EndProject
Global
	GlobalSection(SolutionConfigurationPlatforms) = preSolution
		Ad-Hoc|Any CPU = Ad-Hoc|Any CPU
		Ad-Hoc|ARM = Ad-Hoc|ARM
		Ad-Hoc|iPhone = Ad-Hoc|iPhone
		Ad-Hoc|iPhoneSimulator = Ad-Hoc|iPhoneSimulator
		Ad-Hoc|x64 = Ad-Hoc|x64
		Ad-Hoc|x86 = Ad-Hoc|x86
		AppStore|Any CPU = AppStore|Any CPU
		AppStore|ARM = AppStore|ARM
		AppStore|iPhone = AppStore|iPhone
		AppStore|iPhoneSimulator = AppStore|iPhoneSimulator
		AppStore|x64 = AppStore|x64
		AppStore|x86 = AppStore|x86
		Debug|Any CPU = Debug|Any CPU
		Debug|ARM = Debug|ARM
		Debug|iPhone = Debug|iPhone
		Debug|iPhoneSimulator = Debug|iPhoneSimulator
		Debug|x64 = Debug|x64
		Debug|x86 = Debug|x86
		Release|Any CPU = Release|Any CPU
		Release|ARM = Release|ARM
		Release|iPhone = Release|iPhone
		Release|iPhoneSimulator = Release|iPhoneSimulator
		Release|x64 = Release|x64
		Release|x86 = Release|x86
	EndGlobalSection
	GlobalSection(ProjectConfigurationPlatforms) = postSolution
		{0BDC31A4-1B86-43DB-AEEE-9D214767189B}.Ad-Hoc|Any CPU.ActiveCfg = Release|Any CPU
		{0BDC31A4-1B86-43DB-AEEE-9D214767189B}.Ad-Hoc|Any CPU.Build.0 = Release|Any CPU
		{0BDC31A4-1B86-43DB-AEEE-9D214767189B}.Ad-Hoc|Any CPU.Deploy.0 = Release|Any CPU
		{0BDC31A4-1B86-43DB-AEEE-9D214767189B}.Ad-Hoc|ARM.ActiveCfg = Release|Any CPU
		{0BDC31A4-1B86-43DB-AEEE-9D214767189B}.Ad-Hoc|ARM.Build.0 = Release|Any CPU
		{0BDC31A4-1B86-43DB-AEEE-9D214767189B}.Ad-Hoc|ARM.Deploy.0 = Release|Any CPU
		{0BDC31A4-1B86-43DB-AEEE-9D214767189B}.Ad-Hoc|iPhone.ActiveCfg = Release|Any CPU
		{0BDC31A4-1B86-43DB-AEEE-9D214767189B}.Ad-Hoc|iPhone.Build.0 = Release|Any CPU
		{0BDC31A4-1B86-43DB-AEEE-9D214767189B}.Ad-Hoc|iPhone.Deploy.0 = Release|Any CPU
		{0BDC31A4-1B86-43DB-AEEE-9D214767189B}.Ad-Hoc|iPhoneSimulator.ActiveCfg = Release|Any CPU
		{0BDC31A4-1B86-43DB-AEEE-9D214767189B}.Ad-Hoc|iPhoneSimulator.Build.0 = Release|Any CPU
		{0BDC31A4-1B86-43DB-AEEE-9D214767189B}.Ad-Hoc|iPhoneSimulator.Deploy.0 = Release|Any CPU
		{0BDC31A4-1B86-43DB-AEEE-9D214767189B}.Ad-Hoc|x64.ActiveCfg = Release|Any CPU
		{0BDC31A4-1B86-43DB-AEEE-9D214767189B}.Ad-Hoc|x64.Build.0 = Release|Any CPU
		{0BDC31A4-1B86-43DB-AEEE-9D214767189B}.Ad-Hoc|x64.Deploy.0 = Release|Any CPU
		{0BDC31A4-1B86-43DB-AEEE-9D214767189B}.Ad-Hoc|x86.ActiveCfg = Release|Any CPU
		{0BDC31A4-1B86-43DB-AEEE-9D214767189B}.Ad-Hoc|x86.Build.0 = Release|Any CPU
		{0BDC31A4-1B86-43DB-AEEE-9D214767189B}.Ad-Hoc|x86.Deploy.0 = Release|Any CPU
		{0BDC31A4-1B86-43DB-AEEE-9D214767189B}.AppStore|Any CPU.ActiveCfg = Release|Any CPU
		{0BDC31A4-1B86-43DB-AEEE-9D214767189B}.AppStore|Any CPU.Build.0 = Release|Any CPU
		{0BDC31A4-1B86-43DB-AEEE-9D214767189B}.AppStore|Any CPU.Deploy.0 = Release|Any CPU
		{0BDC31A4-1B86-43DB-AEEE-9D214767189B}.AppStore|ARM.ActiveCfg = Release|Any CPU
		{0BDC31A4-1B86-43DB-AEEE-9D214767189B}.AppStore|ARM.Build.0 = Release|Any CPU
		{0BDC31A4-1B86-43DB-AEEE-9D214767189B}.AppStore|ARM.Deploy.0 = Release|Any CPU
		{0BDC31A4-1B86-43DB-AEEE-9D214767189B}.AppStore|iPhone.ActiveCfg = Release|Any CPU
		{0BDC31A4-1B86-43DB-AEEE-9D214767189B}.AppStore|iPhone.Build.0 = Release|Any CPU
		{0BDC31A4-1B86-43DB-AEEE-9D214767189B}.AppStore|iPhone.Deploy.0 = Release|Any CPU
		{0BDC31A4-1B86-43DB-AEEE-9D214767189B}.AppStore|iPhoneSimulator.ActiveCfg = Release|Any CPU
		{0BDC31A4-1B86-43DB-AEEE-9D214767189B}.AppStore|iPhoneSimulator.Build.0 = Release|Any CPU
		{0BDC31A4-1B86-43DB-AEEE-9D214767189B}.AppStore|iPhoneSimulator.Deploy.0 = Release|Any CPU
		{0BDC31A4-1B86-43DB-AEEE-9D214767189B}.AppStore|x64.ActiveCfg = Release|Any CPU
		{0BDC31A4-1B86-43DB-AEEE-9D214767189B}.AppStore|x64.Build.0 = Release|Any CPU
		{0BDC31A4-1B86-43DB-AEEE-9D214767189B}.AppStore|x64.Deploy.0 = Release|Any CPU
		{0BDC31A4-1B86-43DB-AEEE-9D214767189B}.AppStore|x86.ActiveCfg = Release|Any CPU
		{0BDC31A4-1B86-43DB-AEEE-9D214767189B}.AppStore|x86.Build.0 = Release|Any CPU
		{0BDC31A4-1B86-43DB-AEEE-9D214767189B}.AppStore|x86.Deploy.0 = Release|Any CPU
		{0BDC31A4-1B86-43DB-AEEE-9D214767189B}.Debug|Any CPU.ActiveCfg = Debug|Any CPU
		{0BDC31A4-1B86-43DB-AEEE-9D214767189B}.Debug|Any CPU.Build.0 = Debug|Any CPU
		{0BDC31A4-1B86-43DB-AEEE-9D214767189B}.Debug|Any CPU.Deploy.0 = Debug|Any CPU
		{0BDC31A4-1B86-43DB-AEEE-9D214767189B}.Debug|ARM.ActiveCfg = Debug|Any CPU
		{0BDC31A4-1B86-43DB-AEEE-9D214767189B}.Debug|ARM.Build.0 = Debug|Any CPU
		{0BDC31A4-1B86-43DB-AEEE-9D214767189B}.Debug|ARM.Deploy.0 = Debug|Any CPU
		{0BDC31A4-1B86-43DB-AEEE-9D214767189B}.Debug|iPhone.ActiveCfg = Debug|Any CPU
		{0BDC31A4-1B86-43DB-AEEE-9D214767189B}.Debug|iPhone.Build.0 = Debug|Any CPU
		{0BDC31A4-1B86-43DB-AEEE-9D214767189B}.Debug|iPhone.Deploy.0 = Debug|Any CPU
		{0BDC31A4-1B86-43DB-AEEE-9D214767189B}.Debug|iPhoneSimulator.ActiveCfg = Debug|Any CPU
		{0BDC31A4-1B86-43DB-AEEE-9D214767189B}.Debug|iPhoneSimulator.Build.0 = Debug|Any CPU
		{0BDC31A4-1B86-43DB-AEEE-9D214767189B}.Debug|iPhoneSimulator.Deploy.0 = Debug|Any CPU
		{0BDC31A4-1B86-43DB-AEEE-9D214767189B}.Debug|x64.ActiveCfg = Debug|Any CPU
		{0BDC31A4-1B86-43DB-AEEE-9D214767189B}.Debug|x64.Build.0 = Debug|Any CPU
		{0BDC31A4-1B86-43DB-AEEE-9D214767189B}.Debug|x64.Deploy.0 = Debug|Any CPU
		{0BDC31A4-1B86-43DB-AEEE-9D214767189B}.Debug|x86.ActiveCfg = Debug|Any CPU
		{0BDC31A4-1B86-43DB-AEEE-9D214767189B}.Debug|x86.Build.0 = Debug|Any CPU
		{0BDC31A4-1B86-43DB-AEEE-9D214767189B}.Debug|x86.Deploy.0 = Debug|Any CPU
		{0BDC31A4-1B86-43DB-AEEE-9D214767189B}.Release|Any CPU.ActiveCfg = Release|Any CPU
		{0BDC31A4-1B86-43DB-AEEE-9D214767189B}.Release|Any CPU.Build.0 = Release|Any CPU
		{0BDC31A4-1B86-43DB-AEEE-9D214767189B}.Release|Any CPU.Deploy.0 = Release|Any CPU
		{0BDC31A4-1B86-43DB-AEEE-9D214767189B}.Release|ARM.ActiveCfg = Release|Any CPU
		{0BDC31A4-1B86-43DB-AEEE-9D214767189B}.Release|ARM.Build.0 = Release|Any CPU
		{0BDC31A4-1B86-43DB-AEEE-9D214767189B}.Release|ARM.Deploy.0 = Release|Any CPU
		{0BDC31A4-1B86-43DB-AEEE-9D214767189B}.Release|iPhone.ActiveCfg = Release|Any CPU
		{0BDC31A4-1B86-43DB-AEEE-9D214767189B}.Release|iPhone.Build.0 = Release|Any CPU
		{0BDC31A4-1B86-43DB-AEEE-9D214767189B}.Release|iPhone.Deploy.0 = Release|Any CPU
		{0BDC31A4-1B86-43DB-AEEE-9D214767189B}.Release|iPhoneSimulator.ActiveCfg = Release|Any CPU
		{0BDC31A4-1B86-43DB-AEEE-9D214767189B}.Release|iPhoneSimulator.Build.0 = Release|Any CPU
		{0BDC31A4-1B86-43DB-AEEE-9D214767189B}.Release|iPhoneSimulator.Deploy.0 = Release|Any CPU
		{0BDC31A4-1B86-43DB-AEEE-9D214767189B}.Release|x64.ActiveCfg = Release|Any CPU
		{0BDC31A4-1B86-43DB-AEEE-9D214767189B}.Release|x64.Build.0 = Release|Any CPU
		{0BDC31A4-1B86-43DB-AEEE-9D214767189B}.Release|x64.Deploy.0 = Release|Any CPU
		{0BDC31A4-1B86-43DB-AEEE-9D214767189B}.Release|x86.ActiveCfg = Release|Any CPU
		{0BDC31A4-1B86-43DB-AEEE-9D214767189B}.Release|x86.Build.0 = Release|Any CPU
		{0BDC31A4-1B86-43DB-AEEE-9D214767189B}.Release|x86.Deploy.0 = Release|Any CPU
		{85401973-D3F0-4190-A40E-EC42C16C80C8}.Ad-Hoc|Any CPU.ActiveCfg = Ad-Hoc|iPhone
		{85401973-D3F0-4190-A40E-EC42C16C80C8}.Ad-Hoc|Any CPU.Build.0 = Ad-Hoc|iPhone
		{85401973-D3F0-4190-A40E-EC42C16C80C8}.Ad-Hoc|Any CPU.Deploy.0 = Ad-Hoc|iPhone
		{85401973-D3F0-4190-A40E-EC42C16C80C8}.Ad-Hoc|ARM.ActiveCfg = Ad-Hoc|iPhone
		{85401973-D3F0-4190-A40E-EC42C16C80C8}.Ad-Hoc|ARM.Build.0 = Ad-Hoc|iPhone
		{85401973-D3F0-4190-A40E-EC42C16C80C8}.Ad-Hoc|ARM.Deploy.0 = Ad-Hoc|iPhone
		{85401973-D3F0-4190-A40E-EC42C16C80C8}.Ad-Hoc|iPhone.ActiveCfg = Ad-Hoc|iPhone
		{85401973-D3F0-4190-A40E-EC42C16C80C8}.Ad-Hoc|iPhone.Build.0 = Ad-Hoc|iPhone
		{85401973-D3F0-4190-A40E-EC42C16C80C8}.Ad-Hoc|iPhone.Deploy.0 = Ad-Hoc|iPhone
		{85401973-D3F0-4190-A40E-EC42C16C80C8}.Ad-Hoc|iPhoneSimulator.ActiveCfg = Ad-Hoc|iPhoneSimulator
		{85401973-D3F0-4190-A40E-EC42C16C80C8}.Ad-Hoc|iPhoneSimulator.Build.0 = Ad-Hoc|iPhoneSimulator
		{85401973-D3F0-4190-A40E-EC42C16C80C8}.Ad-Hoc|iPhoneSimulator.Deploy.0 = Ad-Hoc|iPhoneSimulator
		{85401973-D3F0-4190-A40E-EC42C16C80C8}.Ad-Hoc|x64.ActiveCfg = Ad-Hoc|iPhone
		{85401973-D3F0-4190-A40E-EC42C16C80C8}.Ad-Hoc|x64.Build.0 = Ad-Hoc|iPhone
		{85401973-D3F0-4190-A40E-EC42C16C80C8}.Ad-Hoc|x64.Deploy.0 = Ad-Hoc|iPhone
		{85401973-D3F0-4190-A40E-EC42C16C80C8}.Ad-Hoc|x86.ActiveCfg = Ad-Hoc|iPhone
		{85401973-D3F0-4190-A40E-EC42C16C80C8}.Ad-Hoc|x86.Build.0 = Ad-Hoc|iPhone
		{85401973-D3F0-4190-A40E-EC42C16C80C8}.Ad-Hoc|x86.Deploy.0 = Ad-Hoc|iPhone
		{85401973-D3F0-4190-A40E-EC42C16C80C8}.AppStore|Any CPU.ActiveCfg = AppStore|iPhone
		{85401973-D3F0-4190-A40E-EC42C16C80C8}.AppStore|Any CPU.Build.0 = AppStore|iPhone
		{85401973-D3F0-4190-A40E-EC42C16C80C8}.AppStore|Any CPU.Deploy.0 = AppStore|iPhone
		{85401973-D3F0-4190-A40E-EC42C16C80C8}.AppStore|ARM.ActiveCfg = AppStore|iPhone
		{85401973-D3F0-4190-A40E-EC42C16C80C8}.AppStore|ARM.Build.0 = AppStore|iPhone
		{85401973-D3F0-4190-A40E-EC42C16C80C8}.AppStore|ARM.Deploy.0 = AppStore|iPhone
		{85401973-D3F0-4190-A40E-EC42C16C80C8}.AppStore|iPhone.ActiveCfg = AppStore|iPhone
		{85401973-D3F0-4190-A40E-EC42C16C80C8}.AppStore|iPhone.Build.0 = AppStore|iPhone
		{85401973-D3F0-4190-A40E-EC42C16C80C8}.AppStore|iPhone.Deploy.0 = AppStore|iPhone
		{85401973-D3F0-4190-A40E-EC42C16C80C8}.AppStore|iPhoneSimulator.ActiveCfg = AppStore|iPhoneSimulator
		{85401973-D3F0-4190-A40E-EC42C16C80C8}.AppStore|iPhoneSimulator.Build.0 = AppStore|iPhoneSimulator
		{85401973-D3F0-4190-A40E-EC42C16C80C8}.AppStore|iPhoneSimulator.Deploy.0 = AppStore|iPhoneSimulator
		{85401973-D3F0-4190-A40E-EC42C16C80C8}.AppStore|x64.ActiveCfg = AppStore|iPhone
		{85401973-D3F0-4190-A40E-EC42C16C80C8}.AppStore|x64.Build.0 = AppStore|iPhone
		{85401973-D3F0-4190-A40E-EC42C16C80C8}.AppStore|x64.Deploy.0 = AppStore|iPhone
		{85401973-D3F0-4190-A40E-EC42C16C80C8}.AppStore|x86.ActiveCfg = AppStore|iPhone
		{85401973-D3F0-4190-A40E-EC42C16C80C8}.AppStore|x86.Build.0 = AppStore|iPhone
		{85401973-D3F0-4190-A40E-EC42C16C80C8}.AppStore|x86.Deploy.0 = AppStore|iPhone
		{85401973-D3F0-4190-A40E-EC42C16C80C8}.Debug|Any CPU.ActiveCfg = Debug|iPhoneSimulator
		{85401973-D3F0-4190-A40E-EC42C16C80C8}.Debug|Any CPU.Build.0 = Debug|iPhoneSimulator
		{85401973-D3F0-4190-A40E-EC42C16C80C8}.Debug|Any CPU.Deploy.0 = Debug|iPhoneSimulator
		{85401973-D3F0-4190-A40E-EC42C16C80C8}.Debug|ARM.ActiveCfg = Debug|iPhone
		{85401973-D3F0-4190-A40E-EC42C16C80C8}.Debug|ARM.Build.0 = Debug|iPhone
		{85401973-D3F0-4190-A40E-EC42C16C80C8}.Debug|ARM.Deploy.0 = Debug|iPhone
		{85401973-D3F0-4190-A40E-EC42C16C80C8}.Debug|iPhone.ActiveCfg = Debug|iPhone
		{85401973-D3F0-4190-A40E-EC42C16C80C8}.Debug|iPhone.Build.0 = Debug|iPhone
		{85401973-D3F0-4190-A40E-EC42C16C80C8}.Debug|iPhone.Deploy.0 = Debug|iPhone
		{85401973-D3F0-4190-A40E-EC42C16C80C8}.Debug|iPhoneSimulator.ActiveCfg = Debug|iPhoneSimulator
		{85401973-D3F0-4190-A40E-EC42C16C80C8}.Debug|iPhoneSimulator.Build.0 = Debug|iPhoneSimulator
		{85401973-D3F0-4190-A40E-EC42C16C80C8}.Debug|iPhoneSimulator.Deploy.0 = Debug|iPhoneSimulator
		{85401973-D3F0-4190-A40E-EC42C16C80C8}.Debug|x64.ActiveCfg = Debug|iPhone
		{85401973-D3F0-4190-A40E-EC42C16C80C8}.Debug|x64.Build.0 = Debug|iPhone
		{85401973-D3F0-4190-A40E-EC42C16C80C8}.Debug|x64.Deploy.0 = Debug|iPhone
		{85401973-D3F0-4190-A40E-EC42C16C80C8}.Debug|x86.ActiveCfg = Debug|iPhone
		{85401973-D3F0-4190-A40E-EC42C16C80C8}.Debug|x86.Build.0 = Debug|iPhone
		{85401973-D3F0-4190-A40E-EC42C16C80C8}.Debug|x86.Deploy.0 = Debug|iPhone
		{85401973-D3F0-4190-A40E-EC42C16C80C8}.Release|Any CPU.ActiveCfg = Release|iPhone
		{85401973-D3F0-4190-A40E-EC42C16C80C8}.Release|Any CPU.Build.0 = Release|iPhone
		{85401973-D3F0-4190-A40E-EC42C16C80C8}.Release|Any CPU.Deploy.0 = Release|iPhone
		{85401973-D3F0-4190-A40E-EC42C16C80C8}.Release|ARM.ActiveCfg = Release|iPhone
		{85401973-D3F0-4190-A40E-EC42C16C80C8}.Release|ARM.Build.0 = Release|iPhone
		{85401973-D3F0-4190-A40E-EC42C16C80C8}.Release|ARM.Deploy.0 = Release|iPhone
		{85401973-D3F0-4190-A40E-EC42C16C80C8}.Release|iPhone.ActiveCfg = Release|iPhone
		{85401973-D3F0-4190-A40E-EC42C16C80C8}.Release|iPhone.Build.0 = Release|iPhone
		{85401973-D3F0-4190-A40E-EC42C16C80C8}.Release|iPhone.Deploy.0 = Release|iPhone
		{85401973-D3F0-4190-A40E-EC42C16C80C8}.Release|iPhoneSimulator.ActiveCfg = Release|iPhoneSimulator
		{85401973-D3F0-4190-A40E-EC42C16C80C8}.Release|iPhoneSimulator.Build.0 = Release|iPhoneSimulator
		{85401973-D3F0-4190-A40E-EC42C16C80C8}.Release|iPhoneSimulator.Deploy.0 = Release|iPhoneSimulator
		{85401973-D3F0-4190-A40E-EC42C16C80C8}.Release|x64.ActiveCfg = Release|iPhone
		{85401973-D3F0-4190-A40E-EC42C16C80C8}.Release|x64.Build.0 = Release|iPhone
		{85401973-D3F0-4190-A40E-EC42C16C80C8}.Release|x64.Deploy.0 = Release|iPhone
		{85401973-D3F0-4190-A40E-EC42C16C80C8}.Release|x86.ActiveCfg = Release|iPhone
		{85401973-D3F0-4190-A40E-EC42C16C80C8}.Release|x86.Build.0 = Release|iPhone
		{85401973-D3F0-4190-A40E-EC42C16C80C8}.Release|x86.Deploy.0 = Release|iPhone
		{BA0B1D39-9A30-44D8-997F-BD8775B8B3E5}.Ad-Hoc|Any CPU.ActiveCfg = Release|x86
		{BA0B1D39-9A30-44D8-997F-BD8775B8B3E5}.Ad-Hoc|Any CPU.Build.0 = Release|x86
		{BA0B1D39-9A30-44D8-997F-BD8775B8B3E5}.Ad-Hoc|Any CPU.Deploy.0 = Release|x86
		{BA0B1D39-9A30-44D8-997F-BD8775B8B3E5}.Ad-Hoc|ARM.ActiveCfg = Release|ARM
		{BA0B1D39-9A30-44D8-997F-BD8775B8B3E5}.Ad-Hoc|ARM.Build.0 = Release|ARM
		{BA0B1D39-9A30-44D8-997F-BD8775B8B3E5}.Ad-Hoc|ARM.Deploy.0 = Release|ARM
		{BA0B1D39-9A30-44D8-997F-BD8775B8B3E5}.Ad-Hoc|iPhone.ActiveCfg = Release|x86
		{BA0B1D39-9A30-44D8-997F-BD8775B8B3E5}.Ad-Hoc|iPhone.Build.0 = Release|x86
		{BA0B1D39-9A30-44D8-997F-BD8775B8B3E5}.Ad-Hoc|iPhone.Deploy.0 = Release|x86
		{BA0B1D39-9A30-44D8-997F-BD8775B8B3E5}.Ad-Hoc|iPhoneSimulator.ActiveCfg = Release|x86
		{BA0B1D39-9A30-44D8-997F-BD8775B8B3E5}.Ad-Hoc|iPhoneSimulator.Build.0 = Release|x86
		{BA0B1D39-9A30-44D8-997F-BD8775B8B3E5}.Ad-Hoc|iPhoneSimulator.Deploy.0 = Release|x86
		{BA0B1D39-9A30-44D8-997F-BD8775B8B3E5}.Ad-Hoc|x64.ActiveCfg = Release|x64
		{BA0B1D39-9A30-44D8-997F-BD8775B8B3E5}.Ad-Hoc|x64.Build.0 = Release|x64
		{BA0B1D39-9A30-44D8-997F-BD8775B8B3E5}.Ad-Hoc|x64.Deploy.0 = Release|x64
		{BA0B1D39-9A30-44D8-997F-BD8775B8B3E5}.Ad-Hoc|x86.ActiveCfg = Release|x86
		{BA0B1D39-9A30-44D8-997F-BD8775B8B3E5}.Ad-Hoc|x86.Build.0 = Release|x86
		{BA0B1D39-9A30-44D8-997F-BD8775B8B3E5}.Ad-Hoc|x86.Deploy.0 = Release|x86
		{BA0B1D39-9A30-44D8-997F-BD8775B8B3E5}.AppStore|Any CPU.ActiveCfg = Release|x86
		{BA0B1D39-9A30-44D8-997F-BD8775B8B3E5}.AppStore|Any CPU.Build.0 = Release|x86
		{BA0B1D39-9A30-44D8-997F-BD8775B8B3E5}.AppStore|Any CPU.Deploy.0 = Release|x86
		{BA0B1D39-9A30-44D8-997F-BD8775B8B3E5}.AppStore|ARM.ActiveCfg = Release|ARM
		{BA0B1D39-9A30-44D8-997F-BD8775B8B3E5}.AppStore|ARM.Build.0 = Release|ARM
		{BA0B1D39-9A30-44D8-997F-BD8775B8B3E5}.AppStore|ARM.Deploy.0 = Release|ARM
		{BA0B1D39-9A30-44D8-997F-BD8775B8B3E5}.AppStore|iPhone.ActiveCfg = Release|x86
		{BA0B1D39-9A30-44D8-997F-BD8775B8B3E5}.AppStore|iPhone.Build.0 = Release|x86
		{BA0B1D39-9A30-44D8-997F-BD8775B8B3E5}.AppStore|iPhone.Deploy.0 = Release|x86
		{BA0B1D39-9A30-44D8-997F-BD8775B8B3E5}.AppStore|iPhoneSimulator.ActiveCfg = Release|x86
		{BA0B1D39-9A30-44D8-997F-BD8775B8B3E5}.AppStore|iPhoneSimulator.Build.0 = Release|x86
		{BA0B1D39-9A30-44D8-997F-BD8775B8B3E5}.AppStore|iPhoneSimulator.Deploy.0 = Release|x86
		{BA0B1D39-9A30-44D8-997F-BD8775B8B3E5}.AppStore|x64.ActiveCfg = Release|x64
		{BA0B1D39-9A30-44D8-997F-BD8775B8B3E5}.AppStore|x64.Build.0 = Release|x64
		{BA0B1D39-9A30-44D8-997F-BD8775B8B3E5}.AppStore|x64.Deploy.0 = Release|x64
		{BA0B1D39-9A30-44D8-997F-BD8775B8B3E5}.AppStore|x86.ActiveCfg = Release|x86
		{BA0B1D39-9A30-44D8-997F-BD8775B8B3E5}.AppStore|x86.Build.0 = Release|x86
		{BA0B1D39-9A30-44D8-997F-BD8775B8B3E5}.AppStore|x86.Deploy.0 = Release|x86
		{BA0B1D39-9A30-44D8-997F-BD8775B8B3E5}.Debug|Any CPU.ActiveCfg = Debug|x86
		{BA0B1D39-9A30-44D8-997F-BD8775B8B3E5}.Debug|Any CPU.Build.0 = Debug|x86
		{BA0B1D39-9A30-44D8-997F-BD8775B8B3E5}.Debug|Any CPU.Deploy.0 = Debug|x86
		{BA0B1D39-9A30-44D8-997F-BD8775B8B3E5}.Debug|ARM.ActiveCfg = Debug|ARM
		{BA0B1D39-9A30-44D8-997F-BD8775B8B3E5}.Debug|ARM.Build.0 = Debug|ARM
		{BA0B1D39-9A30-44D8-997F-BD8775B8B3E5}.Debug|ARM.Deploy.0 = Debug|ARM
		{BA0B1D39-9A30-44D8-997F-BD8775B8B3E5}.Debug|iPhone.ActiveCfg = Debug|x86
		{BA0B1D39-9A30-44D8-997F-BD8775B8B3E5}.Debug|iPhone.Build.0 = Debug|x86
		{BA0B1D39-9A30-44D8-997F-BD8775B8B3E5}.Debug|iPhone.Deploy.0 = Debug|x86
		{BA0B1D39-9A30-44D8-997F-BD8775B8B3E5}.Debug|iPhoneSimulator.ActiveCfg = Debug|x86
		{BA0B1D39-9A30-44D8-997F-BD8775B8B3E5}.Debug|iPhoneSimulator.Build.0 = Debug|x86
		{BA0B1D39-9A30-44D8-997F-BD8775B8B3E5}.Debug|iPhoneSimulator.Deploy.0 = Debug|x86
		{BA0B1D39-9A30-44D8-997F-BD8775B8B3E5}.Debug|x64.ActiveCfg = Debug|x64
		{BA0B1D39-9A30-44D8-997F-BD8775B8B3E5}.Debug|x64.Build.0 = Debug|x64
		{BA0B1D39-9A30-44D8-997F-BD8775B8B3E5}.Debug|x64.Deploy.0 = Debug|x64
		{BA0B1D39-9A30-44D8-997F-BD8775B8B3E5}.Debug|x86.ActiveCfg = Debug|x86
		{BA0B1D39-9A30-44D8-997F-BD8775B8B3E5}.Debug|x86.Build.0 = Debug|x86
		{BA0B1D39-9A30-44D8-997F-BD8775B8B3E5}.Debug|x86.Deploy.0 = Debug|x86
		{BA0B1D39-9A30-44D8-997F-BD8775B8B3E5}.Release|Any CPU.ActiveCfg = Release|x86
		{BA0B1D39-9A30-44D8-997F-BD8775B8B3E5}.Release|Any CPU.Build.0 = Release|x86
		{BA0B1D39-9A30-44D8-997F-BD8775B8B3E5}.Release|Any CPU.Deploy.0 = Release|x86
		{BA0B1D39-9A30-44D8-997F-BD8775B8B3E5}.Release|ARM.ActiveCfg = Release|ARM
		{BA0B1D39-9A30-44D8-997F-BD8775B8B3E5}.Release|ARM.Build.0 = Release|ARM
		{BA0B1D39-9A30-44D8-997F-BD8775B8B3E5}.Release|ARM.Deploy.0 = Release|ARM
		{BA0B1D39-9A30-44D8-997F-BD8775B8B3E5}.Release|iPhone.ActiveCfg = Release|x86
		{BA0B1D39-9A30-44D8-997F-BD8775B8B3E5}.Release|iPhone.Build.0 = Release|x86
		{BA0B1D39-9A30-44D8-997F-BD8775B8B3E5}.Release|iPhone.Deploy.0 = Release|x86
		{BA0B1D39-9A30-44D8-997F-BD8775B8B3E5}.Release|iPhoneSimulator.ActiveCfg = Release|x86
		{BA0B1D39-9A30-44D8-997F-BD8775B8B3E5}.Release|iPhoneSimulator.Build.0 = Release|x86
		{BA0B1D39-9A30-44D8-997F-BD8775B8B3E5}.Release|iPhoneSimulator.Deploy.0 = Release|x86
		{BA0B1D39-9A30-44D8-997F-BD8775B8B3E5}.Release|x64.ActiveCfg = Release|x64
		{BA0B1D39-9A30-44D8-997F-BD8775B8B3E5}.Release|x64.Build.0 = Release|x64
		{BA0B1D39-9A30-44D8-997F-BD8775B8B3E5}.Release|x64.Deploy.0 = Release|x64
		{BA0B1D39-9A30-44D8-997F-BD8775B8B3E5}.Release|x86.ActiveCfg = Release|x86
		{BA0B1D39-9A30-44D8-997F-BD8775B8B3E5}.Release|x86.Build.0 = Release|x86
		{BA0B1D39-9A30-44D8-997F-BD8775B8B3E5}.Release|x86.Deploy.0 = Release|x86
		{4675C425-29B4-445E-8E4F-614DB252F42B}.Ad-Hoc|Any CPU.ActiveCfg = Debug|Any CPU
		{4675C425-29B4-445E-8E4F-614DB252F42B}.Ad-Hoc|Any CPU.Build.0 = Debug|Any CPU
		{4675C425-29B4-445E-8E4F-614DB252F42B}.Ad-Hoc|Any CPU.Deploy.0 = Debug|Any CPU
		{4675C425-29B4-445E-8E4F-614DB252F42B}.Ad-Hoc|ARM.ActiveCfg = Debug|Any CPU
		{4675C425-29B4-445E-8E4F-614DB252F42B}.Ad-Hoc|ARM.Build.0 = Debug|Any CPU
		{4675C425-29B4-445E-8E4F-614DB252F42B}.Ad-Hoc|ARM.Deploy.0 = Debug|Any CPU
		{4675C425-29B4-445E-8E4F-614DB252F42B}.Ad-Hoc|iPhone.ActiveCfg = Debug|Any CPU
		{4675C425-29B4-445E-8E4F-614DB252F42B}.Ad-Hoc|iPhone.Build.0 = Debug|Any CPU
		{4675C425-29B4-445E-8E4F-614DB252F42B}.Ad-Hoc|iPhone.Deploy.0 = Debug|Any CPU
		{4675C425-29B4-445E-8E4F-614DB252F42B}.Ad-Hoc|iPhoneSimulator.ActiveCfg = Debug|Any CPU
		{4675C425-29B4-445E-8E4F-614DB252F42B}.Ad-Hoc|iPhoneSimulator.Build.0 = Debug|Any CPU
		{4675C425-29B4-445E-8E4F-614DB252F42B}.Ad-Hoc|iPhoneSimulator.Deploy.0 = Debug|Any CPU
		{4675C425-29B4-445E-8E4F-614DB252F42B}.Ad-Hoc|x64.ActiveCfg = Debug|Any CPU
		{4675C425-29B4-445E-8E4F-614DB252F42B}.Ad-Hoc|x64.Build.0 = Debug|Any CPU
		{4675C425-29B4-445E-8E4F-614DB252F42B}.Ad-Hoc|x64.Deploy.0 = Debug|Any CPU
		{4675C425-29B4-445E-8E4F-614DB252F42B}.Ad-Hoc|x86.ActiveCfg = Debug|Any CPU
		{4675C425-29B4-445E-8E4F-614DB252F42B}.Ad-Hoc|x86.Build.0 = Debug|Any CPU
		{4675C425-29B4-445E-8E4F-614DB252F42B}.Ad-Hoc|x86.Deploy.0 = Debug|Any CPU
		{4675C425-29B4-445E-8E4F-614DB252F42B}.AppStore|Any CPU.ActiveCfg = Debug|Any CPU
		{4675C425-29B4-445E-8E4F-614DB252F42B}.AppStore|Any CPU.Build.0 = Debug|Any CPU
		{4675C425-29B4-445E-8E4F-614DB252F42B}.AppStore|Any CPU.Deploy.0 = Debug|Any CPU
		{4675C425-29B4-445E-8E4F-614DB252F42B}.AppStore|ARM.ActiveCfg = Debug|Any CPU
		{4675C425-29B4-445E-8E4F-614DB252F42B}.AppStore|ARM.Build.0 = Debug|Any CPU
		{4675C425-29B4-445E-8E4F-614DB252F42B}.AppStore|ARM.Deploy.0 = Debug|Any CPU
		{4675C425-29B4-445E-8E4F-614DB252F42B}.AppStore|iPhone.ActiveCfg = Debug|Any CPU
		{4675C425-29B4-445E-8E4F-614DB252F42B}.AppStore|iPhone.Build.0 = Debug|Any CPU
		{4675C425-29B4-445E-8E4F-614DB252F42B}.AppStore|iPhone.Deploy.0 = Debug|Any CPU
		{4675C425-29B4-445E-8E4F-614DB252F42B}.AppStore|iPhoneSimulator.ActiveCfg = Debug|Any CPU
		{4675C425-29B4-445E-8E4F-614DB252F42B}.AppStore|iPhoneSimulator.Build.0 = Debug|Any CPU
		{4675C425-29B4-445E-8E4F-614DB252F42B}.AppStore|iPhoneSimulator.Deploy.0 = Debug|Any CPU
		{4675C425-29B4-445E-8E4F-614DB252F42B}.AppStore|x64.ActiveCfg = Debug|Any CPU
		{4675C425-29B4-445E-8E4F-614DB252F42B}.AppStore|x64.Build.0 = Debug|Any CPU
		{4675C425-29B4-445E-8E4F-614DB252F42B}.AppStore|x64.Deploy.0 = Debug|Any CPU
		{4675C425-29B4-445E-8E4F-614DB252F42B}.AppStore|x86.ActiveCfg = Debug|Any CPU
		{4675C425-29B4-445E-8E4F-614DB252F42B}.AppStore|x86.Build.0 = Debug|Any CPU
		{4675C425-29B4-445E-8E4F-614DB252F42B}.AppStore|x86.Deploy.0 = Debug|Any CPU
		{4675C425-29B4-445E-8E4F-614DB252F42B}.Debug|Any CPU.ActiveCfg = Debug|Any CPU
		{4675C425-29B4-445E-8E4F-614DB252F42B}.Debug|Any CPU.Build.0 = Debug|Any CPU
		{4675C425-29B4-445E-8E4F-614DB252F42B}.Debug|Any CPU.Deploy.0 = Debug|Any CPU
		{4675C425-29B4-445E-8E4F-614DB252F42B}.Debug|ARM.ActiveCfg = Debug|Any CPU
		{4675C425-29B4-445E-8E4F-614DB252F42B}.Debug|ARM.Build.0 = Debug|Any CPU
		{4675C425-29B4-445E-8E4F-614DB252F42B}.Debug|ARM.Deploy.0 = Debug|Any CPU
		{4675C425-29B4-445E-8E4F-614DB252F42B}.Debug|iPhone.ActiveCfg = Debug|Any CPU
		{4675C425-29B4-445E-8E4F-614DB252F42B}.Debug|iPhone.Build.0 = Debug|Any CPU
		{4675C425-29B4-445E-8E4F-614DB252F42B}.Debug|iPhone.Deploy.0 = Debug|Any CPU
		{4675C425-29B4-445E-8E4F-614DB252F42B}.Debug|iPhoneSimulator.ActiveCfg = Debug|Any CPU
		{4675C425-29B4-445E-8E4F-614DB252F42B}.Debug|iPhoneSimulator.Build.0 = Debug|Any CPU
		{4675C425-29B4-445E-8E4F-614DB252F42B}.Debug|iPhoneSimulator.Deploy.0 = Debug|Any CPU
		{4675C425-29B4-445E-8E4F-614DB252F42B}.Debug|x64.ActiveCfg = Debug|Any CPU
		{4675C425-29B4-445E-8E4F-614DB252F42B}.Debug|x64.Build.0 = Debug|Any CPU
		{4675C425-29B4-445E-8E4F-614DB252F42B}.Debug|x64.Deploy.0 = Debug|Any CPU
		{4675C425-29B4-445E-8E4F-614DB252F42B}.Debug|x86.ActiveCfg = Debug|Any CPU
		{4675C425-29B4-445E-8E4F-614DB252F42B}.Debug|x86.Build.0 = Debug|Any CPU
		{4675C425-29B4-445E-8E4F-614DB252F42B}.Debug|x86.Deploy.0 = Debug|Any CPU
		{4675C425-29B4-445E-8E4F-614DB252F42B}.Release|Any CPU.ActiveCfg = Release|Any CPU
		{4675C425-29B4-445E-8E4F-614DB252F42B}.Release|Any CPU.Build.0 = Release|Any CPU
		{4675C425-29B4-445E-8E4F-614DB252F42B}.Release|Any CPU.Deploy.0 = Release|Any CPU
		{4675C425-29B4-445E-8E4F-614DB252F42B}.Release|ARM.ActiveCfg = Release|Any CPU
		{4675C425-29B4-445E-8E4F-614DB252F42B}.Release|ARM.Build.0 = Release|Any CPU
		{4675C425-29B4-445E-8E4F-614DB252F42B}.Release|ARM.Deploy.0 = Release|Any CPU
		{4675C425-29B4-445E-8E4F-614DB252F42B}.Release|iPhone.ActiveCfg = Release|Any CPU
		{4675C425-29B4-445E-8E4F-614DB252F42B}.Release|iPhone.Build.0 = Release|Any CPU
		{4675C425-29B4-445E-8E4F-614DB252F42B}.Release|iPhone.Deploy.0 = Release|Any CPU
		{4675C425-29B4-445E-8E4F-614DB252F42B}.Release|iPhoneSimulator.ActiveCfg = Release|Any CPU
		{4675C425-29B4-445E-8E4F-614DB252F42B}.Release|iPhoneSimulator.Build.0 = Release|Any CPU
		{4675C425-29B4-445E-8E4F-614DB252F42B}.Release|iPhoneSimulator.Deploy.0 = Release|Any CPU
		{4675C425-29B4-445E-8E4F-614DB252F42B}.Release|x64.ActiveCfg = Release|Any CPU
		{4675C425-29B4-445E-8E4F-614DB252F42B}.Release|x64.Build.0 = Release|Any CPU
		{4675C425-29B4-445E-8E4F-614DB252F42B}.Release|x64.Deploy.0 = Release|Any CPU
		{4675C425-29B4-445E-8E4F-614DB252F42B}.Release|x86.ActiveCfg = Release|Any CPU
		{4675C425-29B4-445E-8E4F-614DB252F42B}.Release|x86.Build.0 = Release|Any CPU
		{4675C425-29B4-445E-8E4F-614DB252F42B}.Release|x86.Deploy.0 = Release|Any CPU
	EndGlobalSection
	GlobalSection(SolutionProperties) = preSolution
		HideSolutionNode = FALSE
	EndGlobalSection
	GlobalSection(ExtensibilityGlobals) = postSolution
		SolutionGuid = {BF18FAC1-38D8-4350-8405-41B3B33EADB5}
	EndGlobalSection
EndGlobal
